
Microsoft Visual Studio Solution File, Format Version 12.00
# Visual Studio Version 16
VisualStudioVersion = 16.0.32106.194
MinimumVisualStudioVersion = 10.0.40219.1
Project("{FAE04EC0-301F-11D3-BF4B-00C04F79EFBC}") = "AlderLakePatch", "AlderLakePatch\AlderLakePatch.csproj", "{8A1EAEE9-0B0F-4992-85C6-2FD249C7E8A0}"
EndProject
Global
	GlobalSection(SolutionConfigurationPlatforms) = preSolution
		Debug|Any CPU = Debug|Any CPU
		Release|Any CPU = Release|Any CPU
	EndGlobalSection
	GlobalSection(ProjectConfigurationPlatforms) = postSolution
		{8A1EAEE9-0B0F-4992-85C6-2FD249C7E8A0}.Debug|Any CPU.ActiveCfg = Debug|Any CPU
		{8A1EAEE9-0B0F-4992-85C6-2FD249C7E8A0}.Debug|Any CPU.Build.0 = Debug|Any CPU
		{8A1EAEE9-0B0F-4992-85C6-2FD249C7E8A0}.Release|Any CPU.ActiveCfg = Release|Any CPU
		{8A1EAEE9-0B0F-4992-85C6-2FD249C7E8A0}.Release|Any CPU.Build.0 = Release|Any CPU
	EndGlobalSection
	GlobalSection(SolutionProperties) = preSolution
		HideSolutionNode = FALSE
	EndGlobalSection
	GlobalSection(ExtensibilityGlobals) = postSolution
		SolutionGuid = {4DA7EBAD-7290-421C-ACD7-EDECA8F8FD66}
	EndGlobalSection
EndGlobal
